# THIS IS AN AUTOGENERATED FILE. DO NOT EDIT THIS FILE DIRECTLY.
# yarn lockfile v1


"@sentry/browser@5.29.2":
  version "5.29.2"
  resolved "https://registry.yarnpkg.com/@sentry/browser/-/browser-5.29.2.tgz#51adb4005511b1a4a70e4571880fc6653d651f91"
  integrity sha512-uxZ7y7rp85tJll+RZtXRhXPbnFnOaxZqJEv05vJlXBtBNLQtlczV5iCtU9mZRLVHDtmZ5VVKUV8IKXntEqqDpQ==
  dependencies:
    "@sentry/core" "5.29.2"
    "@sentry/types" "5.29.2"
    "@sentry/utils" "5.29.2"
    tslib "^1.9.3"

"@sentry/core@5.29.2":
  version "5.29.2"
  resolved "https://registry.yarnpkg.com/@sentry/core/-/core-5.29.2.tgz#9e05fe197234161d57aabaf52fab336a7c520d81"
  integrity sha512-7WYkoxB5IdlNEbwOwqSU64erUKH4laavPsM0/yQ+jojM76ErxlgEF0u//p5WaLPRzh3iDSt6BH+9TL45oNZeZw==
  dependencies:
    "@sentry/hub" "5.29.2"
    "@sentry/minimal" "5.29.2"
    "@sentry/types" "5.29.2"
    "@sentry/utils" "5.29.2"
    tslib "^1.9.3"

"@sentry/hub@5.29.2":
  version "5.29.2"
  resolved "https://registry.yarnpkg.com/@sentry/hub/-/hub-5.29.2.tgz#208f10fe6674695575ad74182a1151f71d6df00a"
  integrity sha512-LaAIo2hwUk9ykeh9RF0cwLy6IRw+DjEee8l1HfEaDFUM6TPGlNNGObMJNXb9/95jzWp7jWwOpQjoIE3jepdQJQ==
  dependencies:
    "@sentry/types" "5.29.2"
    "@sentry/utils" "5.29.2"
    tslib "^1.9.3"

"@sentry/minimal@5.29.2":
  version "5.29.2"
  resolved "https://registry.yarnpkg.com/@sentry/minimal/-/minimal-5.29.2.tgz#420bebac8d03d30980fdb05c72d7b253d8aa541b"
  integrity sha512-0aINSm8fGA1KyM7PavOBe1GDZDxrvnKt+oFnU0L+bTcw8Lr+of+v6Kwd97rkLRNOLw621xP076dL/7LSIzMuhw==
  dependencies:
    "@sentry/hub" "5.29.2"
    "@sentry/types" "5.29.2"
    tslib "^1.9.3"

"@sentry/react@^5.29.2":
  version "5.29.2"
  resolved "https://registry.yarnpkg.com/@sentry/react/-/react-5.29.2.tgz#e0e2055db6f9c7a3957630e726b23d6a0f2d12f2"
  integrity sha512-Fvh4l6/wrnO3FWqte7lPUsuWE5o6t3FHwZqVINgCIabpwPMorvOVzm/gwG7uzhuCoyNTP28svR670sl4BnRuTg==
  dependencies:
    "@sentry/browser" "5.29.2"
    "@sentry/minimal" "5.29.2"
    "@sentry/types" "5.29.2"
    "@sentry/utils" "5.29.2"
    hoist-non-react-statics "^3.3.2"
    tslib "^1.9.3"

"@sentry/tracing@^5.29.2":
  version "5.29.2"
  resolved "https://registry.yarnpkg.com/@sentry/tracing/-/tracing-5.29.2.tgz#6012788547d2ab7893799d82c4941bda145dcd47"
  integrity sha512-iumYbVRpvoU3BUuIooxibydeaOOjl5ysc+mzsqhRs2NGW/C3uKAsFXdvyNfqt3bxtRQwJEhwJByLP2u3pLThpw==
  dependencies:
    "@sentry/hub" "5.29.2"
    "@sentry/minimal" "5.29.2"
    "@sentry/types" "5.29.2"
    "@sentry/utils" "5.29.2"
    tslib "^1.9.3"

"@sentry/types@5.29.2":
  version "5.29.2"
  resolved "https://registry.yarnpkg.com/@sentry/types/-/types-5.29.2.tgz#ac87383df1222c2d9b9f8f9ed7a6b86ea41a098a"
  integrity sha512-dM9wgt8wy4WRty75QkqQgrw9FV9F+BOMfmc0iaX13Qos7i6Qs2Q0dxtJ83SoR4YGtW8URaHzlDtWlGs5egBiMA==

"@sentry/utils@5.29.2":
  version "5.29.2"
  resolved "https://registry.yarnpkg.com/@sentry/utils/-/utils-5.29.2.tgz#99a5cdda2ea19d34a41932f138d470adcb3ee673"
  integrity sha512-nEwQIDjtFkeE4k6yIk4Ka5XjGRklNLThWLs2xfXlL7uwrYOH2B9UBBOOIRUraBm/g/Xrra3xsam/kRxuiwtXZQ==
  dependencies:
    "@sentry/types" "5.29.2"
    tslib "^1.9.3"

hoist-non-react-statics@^3.3.2:
  version "3.3.2"
  resolved "https://registry.yarnpkg.com/hoist-non-react-statics/-/hoist-non-react-statics-3.3.2.tgz#ece0acaf71d62c2969c2ec59feff42a4b1a85b45"
  integrity sha512-/gGivxi8JPKWNm/W0jSmzcMPpfpPLc3dY/6GxhX2hQ9iGj3aDfklV4ET7NjKpSinLpJ5vafa9iiGIEZg10SfBw==
  dependencies:
    react-is "^16.7.0"

react-is@^16.7.0:
  version "16.13.1"
  resolved "https://registry.yarnpkg.com/react-is/-/react-is-16.13.1.tgz#789729a4dc36de2999dc156dd6c1d9c18cea56a4"
  integrity sha512-24e6ynE2H+OKt4kqsOvNd8kBpV65zoxbA4BVsEOB3ARVWQki/DHzaUoC5KuON/BiccDaCCTZBuOcfZs70kR8bQ==

tslib@^1.9.3:
  version "1.14.1"
  resolved "https://registry.yarnpkg.com/tslib/-/tslib-1.14.1.tgz#cf2d38bdc34a134bcaf1091c41f6619e2f672d00"
  integrity sha512-Xni35NKzjgMrwevysHTCArtLDpPvye8zV/0E4EyYn43P7/7qvQwPh9BGkHewbMulVntbigmcT7rdX3BNo9wRJg==
